{
  "version": 4,
  "terraform_version": "1.1.5",
  "serial": 4,
  "lineage": "33690e49-4d3a-fb9c-cab6-0c18c2efbc8e",
  "outputs": {
    "external_ip_address_node01_yandex_cloud": {
      "value": "130.193.49.197",
      "type": "string"
    },
    "internal_ip_address_node01_yandex_cloud": {
      "value": "192.168.101.4",
      "type": "string"
    }
  },
  "resources": [
    {
      "mode": "managed",
      "type": "yandex_compute_instance",
      "name": "node01",
      "provider": "provider[\"registry.terraform.io/yandex-cloud/yandex\"]",
      "instances": [
        {
          "schema_version": 1,
          "attributes": {
            "allow_stopping_for_update": true,
            "boot_disk": [
              {
                "auto_delete": true,
                "device_name": "fhm7ivpg74a1qfa4gv3s",
                "disk_id": "fhm7ivpg74a1qfa4gv3s",
                "initialize_params": [
                  {
                    "block_size": 4096,
                    "description": "",
                    "image_id": "fd84onjkg2jk6dpi150l",
                    "name": "root-node01",
                    "size": 50,
                    "snapshot_id": "",
                    "type": "network-ssd"
                  }
                ],
                "mode": "READ_WRITE"
              }
            ],
            "created_at": "2022-02-06T18:45:06Z",
            "description": "",
            "folder_id": "b1g9qe62b5jeksf673g6",
            "fqdn": "node01.netology.cloud",
            "hostname": "node01",
            "id": "fhmab2r6ha5sfa9pu44h",
            "labels": null,
            "metadata": {
              "ssh-keys": "centos:ssh-rsa AAAAB3NzaC1yc2EAAAADAQABAAABgQDZtN+6MxXl0VhEQeOwW1ZA/z9rp956Licd/uSoy5c5XMDEWryT09QEsXFoCj3UMYj++pDkVlwQll0RlNOQvyXMc0CUIr7YJkIrafjbXnPSHtUxhIHufNZHSjOgN1RM5SxSg/AHqNa3xMjlKaV/CGdUA6HhQSWWqrRXwGNLuIxJ70RXVL3Yoi/8Wy+++lm88vZEl1TsHZvHDR4GWXlZnNecmGBb2rm6ZZoWJS7U9gohKtpD+JDcFrKt+cfjQf9+MR36SCYJCwJDFCqCKwcHNLPf1aqBdTEb/8v4rr8HvSa6XKzSA1kEK/OEMRoUNtHcmz3o9uaZhYfhj2ICycAkhsgjBzsR6a2Zhv05S0u2/97Q+GYtlPrO0GbVFFv+8toPd4NL/ko6vP6R39T30LB/F7IaQH2jsW09y7wrlL6+cslDoeRI5BKkuBhvXVbdGCtIGIuQNPbwIAO35AyFBZhjY8xpWv+WWoIWsbBP0Ym4wTEjx61nLg5y8aNOZdXEO2UipZk= stasarts@stasarts-laptop\n"
            },
            "name": "node01",
            "network_acceleration_type": "standard",
            "network_interface": [
              {
                "dns_record": [],
                "index": 0,
                "ip_address": "192.168.101.4",
                "ipv4": true,
                "ipv6": false,
                "ipv6_address": "",
                "ipv6_dns_record": [],
                "mac_address": "d0:0d:a5:8b:66:8a",
                "nat": true,
                "nat_dns_record": [],
                "nat_ip_address": "130.193.49.197",
                "nat_ip_version": "IPV4",
                "security_group_ids": [],
                "subnet_id": "e9bn2s7qngct765601sj"
              }
            ],
            "placement_policy": [
              {
                "placement_group_id": ""
              }
            ],
            "platform_id": "standard-v1",
            "resources": [
              {
                "core_fraction": 100,
                "cores": 8,
                "gpus": 0,
                "memory": 8
              }
            ],
            "scheduling_policy": [
              {
                "preemptible": false
              }
            ],
            "secondary_disk": [],
            "service_account_id": "",
            "status": "running",
            "timeouts": null,
            "zone": "ru-central1-a"
          },
          "sensitive_attributes": [],
          "private": "eyJlMmJmYjczMC1lY2FhLTExZTYtOGY4OC0zNDM2M2JjN2M0YzAiOnsiY3JlYXRlIjozMDAwMDAwMDAwMDAsImRlbGV0ZSI6MzAwMDAwMDAwMDAwLCJ1cGRhdGUiOjMwMDAwMDAwMDAwMH0sInNjaGVtYV92ZXJzaW9uIjoiMSJ9",
          "dependencies": [
            "yandex_vpc_network.default",
            "yandex_vpc_subnet.default"
          ]
        }
      ]
    },
    {
      "mode": "managed",
      "type": "yandex_vpc_network",
      "name": "default",
      "provider": "provider[\"registry.terraform.io/yandex-cloud/yandex\"]",
      "instances": [
        {
          "schema_version": 0,
          "attributes": {
            "created_at": "2022-02-06T18:44:53Z",
            "default_security_group_id": "",
            "description": "",
            "folder_id": "b1g9qe62b5jeksf673g6",
            "id": "enppgr589achg558f4lr",
            "labels": {},
            "name": "net",
            "subnet_ids": [],
            "timeouts": null
          },
          "sensitive_attributes": [],
          "private": "eyJlMmJmYjczMC1lY2FhLTExZTYtOGY4OC0zNDM2M2JjN2M0YzAiOnsiY3JlYXRlIjo2MDAwMDAwMDAwMCwiZGVsZXRlIjo2MDAwMDAwMDAwMCwidXBkYXRlIjo2MDAwMDAwMDAwMH19"
        }
      ]
    },
    {
      "mode": "managed",
      "type": "yandex_vpc_subnet",
      "name": "default",
      "provider": "provider[\"registry.terraform.io/yandex-cloud/yandex\"]",
      "instances": [
        {
          "schema_version": 0,
          "attributes": {
            "created_at": "2022-02-06T18:44:54Z",
            "description": "",
            "dhcp_options": [],
            "folder_id": "b1g9qe62b5jeksf673g6",
            "id": "e9bn2s7qngct765601sj",
            "labels": {},
            "name": "subnet",
            "network_id": "enppgr589achg558f4lr",
            "route_table_id": "",
            "timeouts": null,
            "v4_cidr_blocks": [
              "192.168.101.0/24"
            ],
            "v6_cidr_blocks": [],
            "zone": "ru-central1-a"
          },
          "sensitive_attributes": [],
          "private": "eyJlMmJmYjczMC1lY2FhLTExZTYtOGY4OC0zNDM2M2JjN2M0YzAiOnsiY3JlYXRlIjoxODAwMDAwMDAwMDAsImRlbGV0ZSI6MTgwMDAwMDAwMDAwLCJ1cGRhdGUiOjE4MDAwMDAwMDAwMH19",
          "dependencies": [
            "yandex_vpc_network.default"
          ]
        }
      ]
    }
  ]
}
